
Microsoft Visual Studio Solution File, Format Version 12.00
# Visual Studio 14
VisualStudioVersion = 14.0.25420.1
MinimumVisualStudioVersion = 10.0.40219.1
Project("{FAE04EC0-301F-11D3-BF4B-00C04F79EFBC}") = "packing plant manager", "packing plant manager\packing plant manager.csproj", "{33A0E3F6-FAA0-4922-A9FB-556F164A9391}"
EndProject
Project("{FAE04EC0-301F-11D3-BF4B-00C04F79EFBC}") = "ServerToUpdateData", "ServerToUpdateData\ServerToUpdateData.csproj", "{826B7D27-DB69-46ED-BC34-44EA6665EC11}"
EndProject
Global
	GlobalSection(SolutionConfigurationPlatforms) = preSolution
		Debug|Any CPU = Debug|Any CPU
		Release|Any CPU = Release|Any CPU
	EndGlobalSection
	GlobalSection(ProjectConfigurationPlatforms) = postSolution
		{33A0E3F6-FAA0-4922-A9FB-556F164A9391}.Debug|Any CPU.ActiveCfg = Debug|Any CPU
		{33A0E3F6-FAA0-4922-A9FB-556F164A9391}.Debug|Any CPU.Build.0 = Debug|Any CPU
		{33A0E3F6-FAA0-4922-A9FB-556F164A9391}.Release|Any CPU.ActiveCfg = Release|Any CPU
		{33A0E3F6-FAA0-4922-A9FB-556F164A9391}.Release|Any CPU.Build.0 = Release|Any CPU
		{826B7D27-DB69-46ED-BC34-44EA6665EC11}.Debug|Any CPU.ActiveCfg = Debug|Any CPU
		{826B7D27-DB69-46ED-BC34-44EA6665EC11}.Debug|Any CPU.Build.0 = Debug|Any CPU
		{826B7D27-DB69-46ED-BC34-44EA6665EC11}.Release|Any CPU.ActiveCfg = Release|Any CPU
		{826B7D27-DB69-46ED-BC34-44EA6665EC11}.Release|Any CPU.Build.0 = Release|Any CPU
	EndGlobalSection
	GlobalSection(SolutionProperties) = preSolution
		HideSolutionNode = FALSE
	EndGlobalSection
EndGlobal
